// !$*UTF8*$!
{
	archiveVersion = 1;
	classes = {
	};
	objectVersion = 56;
	objects = {

/* Begin PBXBuildFile section */
		2EFD68952AF26DF00062CC60 /* AppDelegate.swift in Sources */ = {isa = PBXBuildFile; fileRef = 2EFD68942AF26DF00062CC60 /* AppDelegate.swift */; };
		2EFD68972AF26DF00062CC60 /* SceneDelegate.swift in Sources */ = {isa = PBXBuildFile; fileRef = 2EFD68962AF26DF00062CC60 /* SceneDelegate.swift */; };
		2EFD68992AF26DF00062CC60 /* ViewController.swift in Sources */ = {isa = PBXBuildFile; fileRef = 2EFD68982AF26DF00062CC60 /* ViewController.swift */; };
		2EFD689C2AF26DF00062CC60 /* Main.storyboard in Resources */ = {isa = PBXBuildFile; fileRef = 2EFD689A2AF26DF00062CC60 /* Main.storyboard */; };
		2EFD689E2AF26DF20062CC60 /* Assets.xcassets in Resources */ = {isa = PBXBuildFile; fileRef = 2EFD689D2AF26DF20062CC60 /* Assets.xcassets */; };
		2EFD68A12AF26DF20062CC60 /* LaunchScreen.storyboard in Resources */ = {isa = PBXBuildFile; fileRef = 2EFD689F2AF26DF20062CC60 /* LaunchScreen.storyboard */; };
/* End PBXBuildFile section */

/* Begin PBXContainerItemProxy section */
		2EFD68A82AF26DF30062CC60 /* PBXContainerItemProxy */ = {
			isa = PBXContainerItemProxy;
			containerPortal = 2EFD68892AF26DF00062CC60 /* Project object */;
			proxyType = 1;
			remoteGlobalIDString = 2EFD68902AF26DF00062CC60;
			remoteInfo = MySecondProject;
		};
		2EFD68B22AF26DF30062CC60 /* PBXContainerItemProxy */ = {
			isa = PBXContainerItemProxy;
			containerPortal = 2EFD68892AF26DF00062CC60 /* Project object */;
			proxyType = 1;
			remoteGlobalIDString = 2EFD68902AF26DF00062CC60;
			remoteInfo = MySecondProject;
		};
/* End PBXContainerItemProxy section */

/* Begin PBXFileReference section */
		2EFD68912AF26DF00062CC60 /* MySecondProject.app */ = {isa = PBXFileReference; explicitFileType = wrapper.application; includeInIndex = 0; path = MySecondProject.app; sourceTree = BUILT_PRODUCTS_DIR; };
		2EFD68942AF26DF00062CC60 /* AppDelegate.swift */ = {isa = PBXFileReference; lastKnownFileType = sourcecode.swift; path = AppDelegate.swift; sourceTree = "<group>"; };
		2EFD68962AF26DF00062CC60 /* SceneDelegate.swift */ = {isa = PBXFileReference; lastKnownFileType = sourcecode.swift; path = SceneDelegate.swift; sourceTree = "<group>"; };
		2EFD68982AF26DF00062CC60 /* ViewController.swift */ = {isa = PBXFileReference; lastKnownFileType = sourcecode.swift; path = ViewController.swift; sourceTree = "<group>"; };
		2EFD689B2AF26DF00062CC60 /* Base */ = {isa = PBXFileReference; lastKnownFileType = file.storyboard; name = Base; path = Base.lproj/Main.storyboard; sourceTree = "<group>"; };
		2EFD689D2AF26DF20062CC60 /* Assets.xcassets */ = {isa = PBXFileReference; lastKnownFileType = folder.assetcatalog; path = Assets.xcassets; sourceTree = "<group>"; };
		2EFD68A02AF26DF20062CC60 /* Base */ = {isa = PBXFileReference; lastKnownFileType = file.storyboard; name = Base; path = Base.lproj/LaunchScreen.storyboard; sourceTree = "<group>"; };
		2EFD68A22AF26DF20062CC60 /* Info.plist */ = {isa = PBXFileReference; lastKnownFileType = text.plist.xml; path = Info.plist; sourceTree = "<group>"; };
		2EFD68A72AF26DF30062CC60 /* MySecondProjectTests.xctest */ = {isa = PBXFileReference; explicitFileType = wrapper.cfbundle; includeInIndex = 0; path = MySecondProjectTests.xctest; sourceTree = BUILT_PRODUCTS_DIR; };
		2EFD68B12AF26DF30062CC60 /* MySecondProjectUITests.xctest */ = {isa = PBXFileReference; explicitFileType = wrapper.cfbundle; includeInIndex = 0; path = MySecondProjectUITests.xctest; sourceTree = BUILT_PRODUCTS_DIR; };
/* End PBXFileReference section */

/* Begin PBXFrameworksBuildPhase section */
		2EFD688E2AF26DF00062CC60 /* Frameworks */ = {
			isa = PBXFrameworksBuildPhase;
			buildActionMask = 2147483647;
			files = (
			);
			runOnlyForDeploymentPostprocessing = 0;
		};
		2EFD68A42AF26DF30062CC60 /* Frameworks */ = {
			isa = PBXFrameworksBuildPhase;
			buildActionMask = 2147483647;
			files = (
			);
			runOnlyForDeploymentPostprocessing = 0;
		};
		2EFD68AE2AF26DF30062CC60 /* Frameworks */ = {
			isa = PBXFrameworksBuildPhase;
			buildActionMask = 2147483647;
			files = (
			);
			runOnlyForDeploymentPostprocessing = 0;
		};
/* End PBXFrameworksBuildPhase section */

/* Begin PBXGroup section */
		2EFD68882AF26DF00062CC60 = {
			isa = PBXGroup;
			children = (
				2EFD68932AF26DF00062CC60 /* MySecondProject */,
				2EFD68922AF26DF00062CC60 /* Products */,
			);
			sourceTree = "<group>";
		};
		2EFD68922AF26DF00062CC60 /* Products */ = {
			isa = PBXGroup;
			children = (
				2EFD68912AF26DF00062CC60 /* MySecondProject.app */,
				2EFD68A72AF26DF30062CC60 /* MySecondProjectTests.xctest */,
				2EFD68B12AF26DF30062CC60 /* MySecondProjectUITests.xctest */,
			);
			name = Products;
			sourceTree = "<group>";
		};
		2EFD68932AF26DF00062CC60 /* MySecondProject */ = {
			isa = PBXGroup;
			children = (
				2EFD68942AF26DF00062CC60 /* AppDelegate.swift */,
				2EFD68962AF26DF00062CC60 /* SceneDelegate.swift */,
				2EFD68982AF26DF00062CC60 /* ViewController.swift */,
				2EFD689A2AF26DF00062CC60 /* Main.storyboard */,
				2EFD689D2AF26DF20062CC60 /* Assets.xcassets */,
				2EFD689F2AF26DF20062CC60 /* LaunchScreen.storyboard */,
				2EFD68A22AF26DF20062CC60 /* Info.plist */,
			);
			path = MySecondProject;
			sourceTree = "<group>";
		};
/* End PBXGroup section */

/* Begin PBXNativeTarget section */
		2EFD68902AF26DF00062CC60 /* MySecondProject */ = {
			isa = PBXNativeTarget;
			buildConfigurationList = 2EFD68BB2AF26DF30062CC60 /* Build configuration list for PBXNativeTarget "MySecondProject" */;
			buildPhases = (
				2EFD688D2AF26DF00062CC60 /* Sources */,
				2EFD688E2AF26DF00062CC60 /* Frameworks */,
				2EFD688F2AF26DF00062CC60 /* Resources */,
			);
			buildRules = (
			);
			dependencies = (
			);
			name = MySecondProject;
			productName = MySecondProject;
			productReference = 2EFD68912AF26DF00062CC60 /* MySecondProject.app */;
			productType = "com.apple.product-type.application";
		};
		2EFD68A62AF26DF30062CC60 /* MySecondProjectTests */ = {
			isa = PBXNativeTarget;
			buildConfigurationList = 2EFD68BE2AF26DF30062CC60 /* Build configuration list for PBXNativeTarget "MySecondProjectTests" */;
			buildPhases = (
				2EFD68A32AF26DF30062CC60 /* Sources */,
				2EFD68A42AF26DF30062CC60 /* Frameworks */,
				2EFD68A52AF26DF30062CC60 /* Resources */,
			);
			buildRules = (
			);
			dependencies = (
				2EFD68A92AF26DF30062CC60 /* PBXTargetDependency */,
			);
			name = MySecondProjectTests;
			productName = MySecondProjectTests;
			productReference = 2EFD68A72AF26DF30062CC60 /* MySecondProjectTests.xctest */;
			productType = "com.apple.product-type.bundle.unit-test";
		};
		2EFD68B02AF26DF30062CC60 /* MySecondProjectUITests */ = {
			isa = PBXNativeTarget;
			buildConfigurationList = 2EFD68C12AF26DF30062CC60 /* Build configuration list for PBXNativeTarget "MySecondProjectUITests" */;
			buildPhases = (
				2EFD68AD2AF26DF30062CC60 /* Sources */,
				2EFD68AE2AF26DF30062CC60 /* Frameworks */,
				2EFD68AF2AF26DF30062CC60 /* Resources */,
			);
			buildRules = (
			);
			dependencies = (
				2EFD68B32AF26DF30062CC60 /* PBXTargetDependency */,
			);
			name = MySecondProjectUITests;
			productName = MySecondProjectUITests;
			productReference = 2EFD68B12AF26DF30062CC60 /* MySecondProjectUITests.xctest */;
			productType = "com.apple.product-type.bundle.ui-testing";
		};
/* End PBXNativeTarget section */

/* Begin PBXProject section */
		2EFD68892AF26DF00062CC60 /* Project object */ = {
			isa = PBXProject;
			attributes = {
				BuildIndependentTargetsInParallel = 1;
				LastSwiftUpdateCheck = 1500;
				LastUpgradeCheck = 1500;
				TargetAttributes = {
					2EFD68902AF26DF00062CC60 = {
						CreatedOnToolsVersion = 15.0.1;
					};
					2EFD68A62AF26DF30062CC60 = {
						CreatedOnToolsVersion = 15.0.1;
						TestTargetID = 2EFD68902AF26DF00062CC60;
					};
					2EFD68B02AF26DF30062CC60 = {
						CreatedOnToolsVersion = 15.0.1;
						TestTargetID = 2EFD68902AF26DF00062CC60;
					};
				};
			};
			buildConfigurationList = 2EFD688C2AF26DF00062CC60 /* Build configuration list for PBXProject "MySecondProject" */;
			compatibilityVersion = "Xcode 14.0";
			developmentRegion = en;
			hasScannedForEncodings = 0;
			knownRegions = (
				en,
				Base,
			);
			mainGroup = 2EFD68882AF26DF00062CC60;
			productRefGroup = 2EFD68922AF26DF00062CC60 /* Products */;
			projectDirPath = "";
			projectRoot = "";
			targets = (
				2EFD68902AF26DF00062CC60 /* MySecondProject */,
				2EFD68A62AF26DF30062CC60 /* MySecondProjectTests */,
				2EFD68B02AF26DF30062CC60 /* MySecondProjectUITests */,
			);
		};
/* End PBXProject section */

/* Begin PBXResourcesBuildPhase section */
		2EFD688F2AF26DF00062CC60 /* Resources */ = {
			isa = PBXResourcesBuildPhase;
			buildActionMask = 2147483647;
			files = (
				2EFD68A12AF26DF20062CC60 /* LaunchScreen.storyboard in Resources */,
				2EFD689E2AF26DF20062CC60 /* Assets.xcassets in Resources */,
				2EFD689C2AF26DF00062CC60 /* Main.storyboard in Resources */,
			);
			runOnlyForDeploymentPostprocessing = 0;
		};
		2EFD68A52AF26DF30062CC60 /* Resources */ = {
			isa = PBXResourcesBuildPhase;
			buildActionMask = 2147483647;
			files = (
			);
			runOnlyForDeploymentPostprocessing = 0;
		};
		2EFD68AF2AF26DF30062CC60 /* Resources */ = {
			isa = PBXResourcesBuildPhase;
			buildActionMask = 2147483647;
			files = (
			);
			runOnlyForDeploymentPostprocessing = 0;
		};
/* End PBXResourcesBuildPhase section */

/* Begin PBXSourcesBuildPhase section */
		2EFD688D2AF26DF00062CC60 /* Sources */ = {
			isa = PBXSourcesBuildPhase;
			buildActionMask = 2147483647;
			files = (
				2EFD68992AF26DF00062CC60 /* ViewController.swift in Sources */,
				2EFD68952AF26DF00062CC60 /* AppDelegate.swift in Sources */,
				2EFD68972AF26DF00062CC60 /* SceneDelegate.swift in Sources */,
			);
			runOnlyForDeploymentPostprocessing = 0;
		};
		2EFD68A32AF26DF30062CC60 /* Sources */ = {
			isa = PBXSourcesBuildPhase;
			buildActionMask = 2147483647;
			files = (
			);
			runOnlyForDeploymentPostprocessing = 0;
		};
		2EFD68AD2AF26DF30062CC60 /* Sources */ = {
			isa = PBXSourcesBuildPhase;
			buildActionMask = 2147483647;
			files = (
			);
			runOnlyForDeploymentPostprocessing = 0;
		};
/* End PBXSourcesBuildPhase section */

/* Begin PBXTargetDependency section */
		2EFD68A92AF26DF30062CC60 /* PBXTargetDependency */ = {
			isa = PBXTargetDependency;
			target = 2EFD68902AF26DF00062CC60 /* MySecondProject */;
			targetProxy = 2EFD68A82AF26DF30062CC60 /* PBXContainerItemProxy */;
		};
		2EFD68B32AF26DF30062CC60 /* PBXTargetDependency */ = {
			isa = PBXTargetDependency;
			target = 2EFD68902AF26DF00062CC60 /* MySecondProject */;
			targetProxy = 2EFD68B22AF26DF30062CC60 /* PBXContainerItemProxy */;
		};
/* End PBXTargetDependency section */

/* Begin PBXVariantGroup section */
		2EFD689A2AF26DF00062CC60 /* Main.storyboard */ = {
			isa = PBXVariantGroup;
			children = (
				2EFD689B2AF26DF00062CC60 /* Base */,
			);
			name = Main.storyboard;
			sourceTree = "<group>";
		};
		2EFD689F2AF26DF20062CC60 /* LaunchScreen.storyboard */ = {
			isa = PBXVariantGroup;
			children = (
				2EFD68A02AF26DF20062CC60 /* Base */,
			);
			name = LaunchScreen.storyboard;
			sourceTree = "<group>";
		};
/* End PBXVariantGroup section */

/* Begin XCBuildConfiguration section */
		2EFD68B92AF26DF30062CC60 /* Debug */ = {
			isa = XCBuildConfiguration;
			buildSettings = {
				ALWAYS_SEARCH_USER_PATHS = NO;
				ASSETCATALOG_COMPILER_GENERATE_SWIFT_ASSET_SYMBOL_EXTENSIONS = YES;
				CLANG_ANALYZER_NONNULL = YES;
				CLANG_ANALYZER_NUMBER_OBJECT_CONVERSION = YES_AGGRESSIVE;
				CLANG_CXX_LANGUAGE_STANDARD = "gnu++20";
				CLANG_ENABLE_MODULES = YES;
				CLANG_ENABLE_OBJC_ARC = YES;
				CLANG_ENABLE_OBJC_WEAK = YES;
				CLANG_WARN_BLOCK_CAPTURE_AUTORELEASING = YES;
				CLANG_WARN_BOOL_CONVERSION = YES;
				CLANG_WARN_COMMA = YES;
				CLANG_WARN_CONSTANT_CONVERSION = YES;
				CLANG_WARN_DEPRECATED_OBJC_IMPLEMENTATIONS = YES;
				CLANG_WARN_DIRECT_OBJC_ISA_USAGE = YES_ERROR;
				CLANG_WARN_DOCUMENTATION_COMMENTS = YES;
				CLANG_WARN_EMPTY_BODY = YES;
				CLANG_WARN_ENUM_CONVERSION = YES;
				CLANG_WARN_INFINITE_RECURSION = YES;
				CLANG_WARN_INT_CONVERSION = YES;
				CLANG_WARN_NON_LITERAL_NULL_CONVERSION = YES;
				CLANG_WARN_OBJC_IMPLICIT_RETAIN_SELF = YES;
				CLANG_WARN_OBJC_LITERAL_CONVERSION = YES;
				CLANG_WARN_OBJC_ROOT_CLASS = YES_ERROR;
				CLANG_WARN_QUOTED_INCLUDE_IN_FRAMEWORK_HEADER = YES;
				CLANG_WARN_RANGE_LOOP_ANALYSIS = YES;
				CLANG_WARN_STRICT_PROTOTYPES = YES;
				CLANG_WARN_SUSPICIOUS_MOVE = YES;
				CLANG_WARN_UNGUARDED_AVAILABILITY = YES_AGGRESSIVE;
				CLANG_WARN_UNREACHABLE_CODE = YES;
				CLANG_WARN__DUPLICATE_METHOD_MATCH = YES;
				COPY_PHASE_STRIP = NO;
				DEBUG_INFORMATION_FORMAT = dwarf;
				ENABLE_STRICT_OBJC_MSGSEND = YES;
				ENABLE_TESTABILITY = YES;
				ENABLE_USER_SCRIPT_SANDBOXING = YES;
				GCC_C_LANGUAGE_STANDARD = gnu17;
				GCC_DYNAMIC_NO_PIC = NO;
				GCC_NO_COMMON_BLOCKS = YES;
				GCC_OPTIMIZATION_LEVEL = 0;
				GCC_PREPROCESSOR_DEFINITIONS = (
					"DEBUG=1",
					"$(inherited)",
				);
				GCC_WARN_64_TO_32_BIT_CONVERSION = YES;
				GCC_WARN_ABOUT_RETURN_TYPE = YES_ERROR;
				GCC_WARN_UNDECLARED_SELECTOR = YES;
				GCC_WARN_UNINITIALIZED_AUTOS = YES_AGGRESSIVE;
				GCC_WARN_UNUSED_FUNCTION = YES;
				GCC_WARN_UNUSED_VARIABLE = YES;
				IPHONEOS_DEPLOYMENT_TARGET = 17.0;
				LOCALIZATION_PREFERS_STRING_CATALOGS = YES;
				MTL_ENABLE_DEBUG_INFO = INCLUDE_SOURCE;
				MTL_FAST_MATH = YES;
				ONLY_ACTIVE_ARCH = YES;
				SDKROOT = iphoneos;
				SWIFT_ACTIVE_COMPILATION_CONDITIONS = "DEBUG $(inherited)";
				SWIFT_OPTIMIZATION_LEVEL = "-Onone";
			};
			name = Debug;
		};
		2EFD68BA2AF26DF30062CC60 /* Release */ = {
			isa = XCBuildConfiguration;
			buildSettings = {
				ALWAYS_SEARCH_USER_PATHS = NO;
				ASSETCATALOG_COMPILER_GENERATE_SWIFT_ASSET_SYMBOL_EXTENSIONS = YES;
				CLANG_ANALYZER_NONNULL = YES;
				CLANG_ANALYZER_NUMBER_OBJECT_CONVERSION = YES_AGGRESSIVE;
				CLANG_CXX_LANGUAGE_STANDARD = "gnu++20";
				CLANG_ENABLE_MODULES = YES;
				CLANG_ENABLE_OBJC_ARC = YES;
				CLANG_ENABLE_OBJC_WEAK = YES;
				CLANG_WARN_BLOCK_CAPTURE_AUTORELEASING = YES;
				CLANG_WARN_BOOL_CONVERSION = YES;
				CLANG_WARN_COMMA = YES;
				CLANG_WARN_CONSTANT_CONVERSION = YES;
				CLANG_WARN_DEPRECATED_OBJC_IMPLEMENTATIONS = YES;
				CLANG_WARN_DIRECT_OBJC_ISA_USAGE = YES_ERROR;
				CLANG_WARN_DOCUMENTATION_COMMENTS = YES;
				CLANG_WARN_EMPTY_BODY = YES;
				CLANG_WARN_ENUM_CONVERSION = YES;
				CLANG_WARN_INFINITE_RECURSION = YES;
				CLANG_WARN_INT_CONVERSION = YES;
				CLANG_WARN_NON_LITERAL_NULL_CONVERSION = YES;
				CLANG_WARN_OBJC_IMPLICIT_RETAIN_SELF = YES;
				CLANG_WARN_OBJC_LITERAL_CONVERSION = YES;
				CLANG_WARN_OBJC_ROOT_CLASS = YES_ERROR;
				CLANG_WARN_QUOTED_INCLUDE_IN_FRAMEWORK_HEADER = YES;
				CLANG_WARN_RANGE_LOOP_ANALYSIS = YES;
				CLANG_WARN_STRICT_PROTOTYPES = YES;
				CLANG_WARN_SUSPICIOUS_MOVE = YES;
				CLANG_WARN_UNGUARDED_AVAILABILITY = YES_AGGRESSIVE;
				CLANG_WARN_UNREACHABLE_CODE = YES;
				CLANG_WARN__DUPLICATE_METHOD_MATCH = YES;
				COPY_PHASE_STRIP = NO;
				DEBUG_INFORMATION_FORMAT = "dwarf-with-dsym";
				ENABLE_NS_ASSERTIONS = NO;
				ENABLE_STRICT_OBJC_MSGSEND = YES;
				ENABLE_USER_SCRIPT_SANDBOXING = YES;
				GCC_C_LANGUAGE_STANDARD = gnu17;
				GCC_NO_COMMON_BLOCKS = YES;
				GCC_WARN_64_TO_32_BIT_CONVERSION = YES;
				GCC_WARN_ABOUT_RETURN_TYPE = YES_ERROR;
				GCC_WARN_UNDECLARED_SELECTOR = YES;
				GCC_WARN_UNINITIALIZED_AUTOS = YES_AGGRESSIVE;
				GCC_WARN_UNUSED_FUNCTION = YES;
				GCC_WARN_UNUSED_VARIABLE = YES;
				IPHONEOS_DEPLOYMENT_TARGET = 17.0;
				LOCALIZATION_PREFERS_STRING_CATALOGS = YES;
				MTL_ENABLE_DEBUG_INFO = NO;
				MTL_FAST_MATH = YES;
				SDKROOT = iphoneos;
				SWIFT_COMPILATION_MODE = wholemodule;
				VALIDATE_PRODUCT = YES;
			};
			name = Release;
		};
		2EFD68BC2AF26DF30062CC60 /* Debug */ = {
			isa = XCBuildConfiguration;
			buildSettings = {
				ASSETCATALOG_COMPILER_APPICON_NAME = AppIcon;
				ASSETCATALOG_COMPILER_GLOBAL_ACCENT_COLOR_NAME = AccentColor;
				CODE_SIGN_STYLE = Automatic;
				CURRENT_PROJECT_VERSION = 1;
				GENERATE_INFOPLIST_FILE = YES;
				INFOPLIST_FILE = MySecondProject/Info.plist;
				INFOPLIST_KEY_UIApplicationSupportsIndirectInputEvents = YES;
				INFOPLIST_KEY_UILaunchStoryboardName = LaunchScreen;
				INFOPLIST_KEY_UIMainStoryboardFile = Main;
				INFOPLIST_KEY_UISupportedInterfaceOrientations_iPad = "UIInterfaceOrientationPortrait UIInterfaceOrientationPortraitUpsideDown UIInterfaceOrientationLandscapeLeft UIInterfaceOrientationLandscapeRight";
				INFOPLIST_KEY_UISupportedInterfaceOrientations_iPhone = "UIInterfaceOrientationPortrait UIInterfaceOrientationLandscapeLeft UIInterfaceOrientationLandscapeRight";
				LD_RUNPATH_SEARCH_PATHS = (
					"$(inherited)",
					"@executable_path/Frameworks",
				);
				MARKETING_VERSION = 1.0;
				PRODUCT_BUNDLE_IDENTIFIER = com.mrk.MySecondProject;
				PRODUCT_NAME = "$(TARGET_NAME)";
				SWIFT_EMIT_LOC_STRINGS = YES;
				SWIFT_VERSION = 5.0;
				TARGETED_DEVICE_FAMILY = "1,2";
			};
			name = Debug;
		};
		2EFD68BD2AF26DF30062CC60 /* Release */ = {
			isa = XCBuildConfiguration;
			buildSettings = {
				ASSETCATALOG_COMPILER_APPICON_NAME = AppIcon;
				ASSETCATALOG_COMPILER_GLOBAL_ACCENT_COLOR_NAME = AccentColor;
				CODE_SIGN_STYLE = Automatic;
				CURRENT_PROJECT_VERSION = 1;
				GENERATE_INFOPLIST_FILE = YES;
				INFOPLIST_FILE = MySecondProject/Info.plist;
				INFOPLIST_KEY_UIApplicationSupportsIndirectInputEvents = YES;
				INFOPLIST_KEY_UILaunchStoryboardName = LaunchScreen;
				INFOPLIST_KEY_UIMainStoryboardFile = Main;
				INFOPLIST_KEY_UISupportedInterfaceOrientations_iPad = "UIInterfaceOrientationPortrait UIInterfaceOrientationPortraitUpsideDown UIInterfaceOrientationLandscapeLeft UIInterfaceOrientationLandscapeRight";
				INFOPLIST_KEY_UISupportedInterfaceOrientations_iPhone = "UIInterfaceOrientationPortrait UIInterfaceOrientationLandscapeLeft UIInterfaceOrientationLandscapeRight";
				LD_RUNPATH_SEARCH_PATHS = (
					"$(inherited)",
					"@executable_path/Frameworks",
				);
				MARKETING_VERSION = 1.0;
				PRODUCT_BUNDLE_IDENTIFIER = com.mrk.MySecondProject;
				PRODUCT_NAME = "$(TARGET_NAME)";
				SWIFT_EMIT_LOC_STRINGS = YES;
				SWIFT_VERSION = 5.0;
				TARGETED_DEVICE_FAMILY = "1,2";
			};
			name = Release;
		};
		2EFD68BF2AF26DF30062CC60 /* Debug */ = {
			isa = XCBuildConfiguration;
			buildSettings = {
				ALWAYS_EMBED_SWIFT_STANDARD_LIBRARIES = YES;
				BUNDLE_LOADER = "$(TEST_HOST)";
				CODE_SIGN_STYLE = Automatic;
				CURRENT_PROJECT_VERSION = 1;
				GENERATE_INFOPLIST_FILE = YES;
				IPHONEOS_DEPLOYMENT_TARGET = 17.0;
				MARKETING_VERSION = 1.0;
				PRODUCT_BUNDLE_IDENTIFIER = com.mrk.MySecondProjectTests;
				PRODUCT_NAME = "$(TARGET_NAME)";
				SWIFT_EMIT_LOC_STRINGS = NO;
				SWIFT_VERSION = 5.0;
				TARGETED_DEVICE_FAMILY = "1,2";
				TEST_HOST = "$(BUILT_PRODUCTS_DIR)/MySecondProject.app/$(BUNDLE_EXECUTABLE_FOLDER_PATH)/MySecondProject";
			};
			name = Debug;
		};
		2EFD68C02AF26DF30062CC60 /* Release */ = {
			isa = XCBuildConfiguration;
			buildSettings = {
				ALWAYS_EMBED_SWIFT_STANDARD_LIBRARIES = YES;
				BUNDLE_LOADER = "$(TEST_HOST)";
				CODE_SIGN_STYLE = Automatic;
				CURRENT_PROJECT_VERSION = 1;
				GENERATE_INFOPLIST_FILE = YES;
				IPHONEOS_DEPLOYMENT_TARGET = 17.0;
				MARKETING_VERSION = 1.0;
				PRODUCT_BUNDLE_IDENTIFIER = com.mrk.MySecondProjectTests;
				PRODUCT_NAME = "$(TARGET_NAME)";
				SWIFT_EMIT_LOC_STRINGS = NO;
				SWIFT_VERSION = 5.0;
				TARGETED_DEVICE_FAMILY = "1,2";
				TEST_HOST = "$(BUILT_PRODUCTS_DIR)/MySecondProject.app/$(BUNDLE_EXECUTABLE_FOLDER_PATH)/MySecondProject";
			};
			name = Release;
		};
		2EFD68C22AF26DF30062CC60 /* Debug */ = {
			isa = XCBuildConfiguration;
			buildSettings = {
				ALWAYS_EMBED_SWIFT_STANDARD_LIBRARIES = YES;
				CODE_SIGN_STYLE = Automatic;
				CURRENT_PROJECT_VERSION = 1;
				GENERATE_INFOPLIST_FILE = YES;
				MARKETING_VERSION = 1.0;
				PRODUCT_BUNDLE_IDENTIFIER = com.mrk.MySecondProjectUITests;
				PRODUCT_NAME = "$(TARGET_NAME)";
				SWIFT_EMIT_LOC_STRINGS = NO;
				SWIFT_VERSION = 5.0;
				TARGETED_DEVICE_FAMILY = "1,2";
				TEST_TARGET_NAME = MySecondProject;
			};
			name = Debug;
		};
		2EFD68C32AF26DF30062CC60 /* Release */ = {
			isa = XCBuildConfiguration;
			buildSettings = {
				ALWAYS_EMBED_SWIFT_STANDARD_LIBRARIES = YES;
				CODE_SIGN_STYLE = Automatic;
				CURRENT_PROJECT_VERSION = 1;
				GENERATE_INFOPLIST_FILE = YES;
				MARKETING_VERSION = 1.0;
				PRODUCT_BUNDLE_IDENTIFIER = com.mrk.MySecondProjectUITests;
				PRODUCT_NAME = "$(TARGET_NAME)";
				SWIFT_EMIT_LOC_STRINGS = NO;
				SWIFT_VERSION = 5.0;
				TARGETED_DEVICE_FAMILY = "1,2";
				TEST_TARGET_NAME = MySecondProject;
			};
			name = Release;
		};
/* End XCBuildConfiguration section */

/* Begin XCConfigurationList section */
		2EFD688C2AF26DF00062CC60 /* Build configuration list for PBXProject "MySecondProject" */ = {
			isa = XCConfigurationList;
			buildConfigurations = (
				2EFD68B92AF26DF30062CC60 /* Debug */,
				2EFD68BA2AF26DF30062CC60 /* Release */,
			);
			defaultConfigurationIsVisible = 0;
			defaultConfigurationName = Release;
		};
		2EFD68BB2AF26DF30062CC60 /* Build configuration list for PBXNativeTarget "MySecondProject" */ = {
			isa = XCConfigurationList;
			buildConfigurations = (
				2EFD68BC2AF26DF30062CC60 /* Debug */,
				2EFD68BD2AF26DF30062CC60 /* Release */,
			);
			defaultConfigurationIsVisible = 0;
			defaultConfigurationName = Release;
		};
		2EFD68BE2AF26DF30062CC60 /* Build configuration list for PBXNativeTarget "MySecondProjectTests" */ = {
			isa = XCConfigurationList;
			buildConfigurations = (
				2EFD68BF2AF26DF30062CC60 /* Debug */,
				2EFD68C02AF26DF30062CC60 /* Release */,
			);
			defaultConfigurationIsVisible = 0;
			defaultConfigurationName = Release;
		};
		2EFD68C12AF26DF30062CC60 /* Build configuration list for PBXNativeTarget "MySecondProjectUITests" */ = {
			isa = XCConfigurationList;
			buildConfigurations = (
				2EFD68C22AF26DF30062CC60 /* Debug */,
				2EFD68C32AF26DF30062CC60 /* Release */,
			);
			defaultConfigurationIsVisible = 0;
			defaultConfigurationName = Release;
		};
/* End XCConfigurationList section */
	};
	rootObject = 2EFD68892AF26DF00062CC60 /* Project object */;
}
